
Microsoft Visual Studio Solution File, Format Version 12.00
# Visual Studio Version 17
VisualStudioVersion = 17.0.31903.59
MinimumVisualStudioVersion = 10.0.40219.1
Project("{2150E333-8FDC-42A3-9474-1A3956D46DE8}") = "source", "source", "{87EA71A5-5AB5-4A98-8C14-378D3EEFF55F}"
EndProject
Project("{FAE04EC0-301F-11D3-BF4B-00C04F79EFBC}") = "MonoGame.Aseprite", "source\MonoGame.Aseprite\MonoGame.Aseprite.csproj", "{623EE4F5-5B24-4DC6-A884-455CE363E3FA}"
EndProject
Project("{FAE04EC0-301F-11D3-BF4B-00C04F79EFBC}") = "MonoGame.Aseprite.Content.Pipeline", "source\MonoGame.Aseprite.Content.Pipeline\MonoGame.Aseprite.Content.Pipeline.csproj", "{7D7338B9-3AE7-4C12-BF4C-6767E431DBC7}"
EndProject
Project("{FAE04EC0-301F-11D3-BF4B-00C04F79EFBC}") = "DemoGame", "source\DemoGame\DemoGame.csproj", "{1420D979-B337-4009-89C1-835733675848}"
EndProject
Project("{FAE04EC0-301F-11D3-BF4B-00C04F79EFBC}") = "MGAConsole", "source\MGAConsole\MGAConsole.csproj", "{04950AA7-6302-4CC0-A274-F4C29D0D1682}"
EndProject
Global
	GlobalSection(SolutionConfigurationPlatforms) = preSolution
		Debug|Any CPU = Debug|Any CPU
		Release|Any CPU = Release|Any CPU
	EndGlobalSection
	GlobalSection(SolutionProperties) = preSolution
		HideSolutionNode = FALSE
	EndGlobalSection
	GlobalSection(ProjectConfigurationPlatforms) = postSolution
		{623EE4F5-5B24-4DC6-A884-455CE363E3FA}.Debug|Any CPU.ActiveCfg = Debug|Any CPU
		{623EE4F5-5B24-4DC6-A884-455CE363E3FA}.Debug|Any CPU.Build.0 = Debug|Any CPU
		{623EE4F5-5B24-4DC6-A884-455CE363E3FA}.Release|Any CPU.ActiveCfg = Release|Any CPU
		{623EE4F5-5B24-4DC6-A884-455CE363E3FA}.Release|Any CPU.Build.0 = Release|Any CPU
		{7D7338B9-3AE7-4C12-BF4C-6767E431DBC7}.Debug|Any CPU.ActiveCfg = Debug|Any CPU
		{7D7338B9-3AE7-4C12-BF4C-6767E431DBC7}.Debug|Any CPU.Build.0 = Debug|Any CPU
		{7D7338B9-3AE7-4C12-BF4C-6767E431DBC7}.Release|Any CPU.ActiveCfg = Release|Any CPU
		{7D7338B9-3AE7-4C12-BF4C-6767E431DBC7}.Release|Any CPU.Build.0 = Release|Any CPU
		{1420D979-B337-4009-89C1-835733675848}.Debug|Any CPU.ActiveCfg = Debug|Any CPU
		{1420D979-B337-4009-89C1-835733675848}.Debug|Any CPU.Build.0 = Debug|Any CPU
		{1420D979-B337-4009-89C1-835733675848}.Release|Any CPU.ActiveCfg = Release|Any CPU
		{1420D979-B337-4009-89C1-835733675848}.Release|Any CPU.Build.0 = Release|Any CPU
		{04950AA7-6302-4CC0-A274-F4C29D0D1682}.Debug|Any CPU.ActiveCfg = Debug|Any CPU
		{04950AA7-6302-4CC0-A274-F4C29D0D1682}.Debug|Any CPU.Build.0 = Debug|Any CPU
		{04950AA7-6302-4CC0-A274-F4C29D0D1682}.Release|Any CPU.ActiveCfg = Release|Any CPU
		{04950AA7-6302-4CC0-A274-F4C29D0D1682}.Release|Any CPU.Build.0 = Release|Any CPU
	EndGlobalSection
	GlobalSection(NestedProjects) = preSolution
		{623EE4F5-5B24-4DC6-A884-455CE363E3FA} = {87EA71A5-5AB5-4A98-8C14-378D3EEFF55F}
		{7D7338B9-3AE7-4C12-BF4C-6767E431DBC7} = {87EA71A5-5AB5-4A98-8C14-378D3EEFF55F}
		{1420D979-B337-4009-89C1-835733675848} = {87EA71A5-5AB5-4A98-8C14-378D3EEFF55F}
		{04950AA7-6302-4CC0-A274-F4C29D0D1682} = {87EA71A5-5AB5-4A98-8C14-378D3EEFF55F}
	EndGlobalSection
EndGlobal
