
Microsoft Visual Studio Solution File, Format Version 12.00
# Visual Studio Version 17
VisualStudioVersion = 17.0.31903.59
MinimumVisualStudioVersion = 10.0.40219.1
Project("{2150E333-8FDC-42A3-9474-1A3956D46DE8}") = "source", "source", "{CF520A36-B1B8-4CFA-9835-C3345A65D57B}"
	ProjectSection(SolutionItems) = preProject
		source\Directory.Build.props = source\Directory.Build.props
	EndProjectSection
EndProject
Project("{9A19103F-16F7-4668-BE54-9A1E7A4F7556}") = "MonoGame.Aseprite", "source\MonoGame.Aseprite\MonoGame.Aseprite.csproj", "{B5D9570E-E9BF-482B-BD73-8EA6EC4330F8}"
EndProject
Project("{9A19103F-16F7-4668-BE54-9A1E7A4F7556}") = "MonoGame.Aseprite.Content.Pipeline", "source\MonoGame.Aseprite.Content.Pipeline\MonoGame.Aseprite.Content.Pipeline.csproj", "{49903681-88CC-4B14-AD02-C475E78D4CE2}"
EndProject
Project("{2150E333-8FDC-42A3-9474-1A3956D46DE8}") = "build", "build", "{78ECB0CA-72B0-4E08-BAB1-8BF2B98829D9}"
	ProjectSection(SolutionItems) = preProject
		build\Directory.Build.props = build\Directory.Build.props
	EndProjectSection
EndProject
Project("{9A19103F-16F7-4668-BE54-9A1E7A4F7556}") = "MonoGame.Aseprite.Build", "build\MonoGame.Aseprite.Build.csproj", "{4E3BCA48-A076-4ECE-A80A-F254DAE2D18E}"
EndProject
Project("{2150E333-8FDC-42A3-9474-1A3956D46DE8}") = ".root", ".root", "{780173B6-AA4D-40B8-ADA6-D99531857B64}"
	ProjectSection(SolutionItems) = preProject
		.editorconfig = .editorconfig
		.gitignore = .gitignore
		Directory.Build.props = Directory.Build.props
		LICENSE = LICENSE
		README.md = README.md
	EndProjectSection
EndProject
Project("{2150E333-8FDC-42A3-9474-1A3956D46DE8}") = "examples", "examples", "{C177CFCE-9FD8-4EFA-9046-B5ECC55401CE}"
	ProjectSection(SolutionItems) = preProject
		examples\Directory.Build.props = examples\Directory.Build.props
	EndProjectSection
EndProject
Project("{9A19103F-16F7-4668-BE54-9A1E7A4F7556}") = "AnimatedTilemapExample", "examples\AnimatedTilemapExample\AnimatedTilemapExample.csproj", "{6E52E54B-E074-4CEE-86D2-F0E3D429F4F6}"
EndProject
Project("{9A19103F-16F7-4668-BE54-9A1E7A4F7556}") = "ContentPipelineExample", "examples\ContentPipelineExample\ContentPipelineExample.csproj", "{615E3A66-5DDB-4691-88BA-6E10E71E1899}"
EndProject
Project("{9A19103F-16F7-4668-BE54-9A1E7A4F7556}") = "SpriteExample", "examples\SpriteExample\SpriteExample.csproj", "{2DEBEDB6-C604-4CC6-94CC-A6964E2781F4}"
EndProject
Project("{9A19103F-16F7-4668-BE54-9A1E7A4F7556}") = "SpritesheetExample", "examples\SpritesheetExample\SpritesheetExample.csproj", "{7EBC52B4-982A-4CA1-AD88-CEEA4573E4EF}"
EndProject
Project("{9A19103F-16F7-4668-BE54-9A1E7A4F7556}") = "TextureAtlasExample", "examples\TextureAtlasExample\TextureAtlasExample.csproj", "{55C32452-39B1-4FD0-92D2-1037909B0571}"
EndProject
Project("{9A19103F-16F7-4668-BE54-9A1E7A4F7556}") = "TilemapExample", "examples\TilemapExample\TilemapExample.csproj", "{813FAB91-CDF4-4F50-8C1A-B4987E84E45A}"
EndProject
Project("{9A19103F-16F7-4668-BE54-9A1E7A4F7556}") = "TilesetExample", "examples\TilesetExample\TilesetExample.csproj", "{385D0648-538D-4A90-A1EA-FEF44C9F9517}"
EndProject
Project("{2150E333-8FDC-42A3-9474-1A3956D46DE8}") = "workflows", "workflows", "{9F695AEE-9518-4019-B1DE-9C3254FB0D2C}"
	ProjectSection(SolutionItems) = preProject
		.github\workflows\main.yml = .github\workflows\main.yml
	EndProjectSection
EndProject
Global
	GlobalSection(SolutionConfigurationPlatforms) = preSolution
		Debug|Any CPU = Debug|Any CPU
		Release|Any CPU = Release|Any CPU
	EndGlobalSection
	GlobalSection(ProjectConfigurationPlatforms) = postSolution
		{B5D9570E-E9BF-482B-BD73-8EA6EC4330F8}.Debug|Any CPU.ActiveCfg = Debug|Any CPU
		{B5D9570E-E9BF-482B-BD73-8EA6EC4330F8}.Debug|Any CPU.Build.0 = Debug|Any CPU
		{B5D9570E-E9BF-482B-BD73-8EA6EC4330F8}.Release|Any CPU.ActiveCfg = Release|Any CPU
		{B5D9570E-E9BF-482B-BD73-8EA6EC4330F8}.Release|Any CPU.Build.0 = Release|Any CPU
		{49903681-88CC-4B14-AD02-C475E78D4CE2}.Debug|Any CPU.ActiveCfg = Debug|Any CPU
		{49903681-88CC-4B14-AD02-C475E78D4CE2}.Debug|Any CPU.Build.0 = Debug|Any CPU
		{49903681-88CC-4B14-AD02-C475E78D4CE2}.Release|Any CPU.ActiveCfg = Release|Any CPU
		{49903681-88CC-4B14-AD02-C475E78D4CE2}.Release|Any CPU.Build.0 = Release|Any CPU
		{4E3BCA48-A076-4ECE-A80A-F254DAE2D18E}.Debug|Any CPU.ActiveCfg = Debug|Any CPU
		{4E3BCA48-A076-4ECE-A80A-F254DAE2D18E}.Debug|Any CPU.Build.0 = Debug|Any CPU
		{4E3BCA48-A076-4ECE-A80A-F254DAE2D18E}.Release|Any CPU.ActiveCfg = Release|Any CPU
		{4E3BCA48-A076-4ECE-A80A-F254DAE2D18E}.Release|Any CPU.Build.0 = Release|Any CPU
		{6E52E54B-E074-4CEE-86D2-F0E3D429F4F6}.Debug|Any CPU.ActiveCfg = Debug|Any CPU
		{6E52E54B-E074-4CEE-86D2-F0E3D429F4F6}.Debug|Any CPU.Build.0 = Debug|Any CPU
		{6E52E54B-E074-4CEE-86D2-F0E3D429F4F6}.Release|Any CPU.ActiveCfg = Release|Any CPU
		{6E52E54B-E074-4CEE-86D2-F0E3D429F4F6}.Release|Any CPU.Build.0 = Release|Any CPU
		{615E3A66-5DDB-4691-88BA-6E10E71E1899}.Debug|Any CPU.ActiveCfg = Debug|Any CPU
		{615E3A66-5DDB-4691-88BA-6E10E71E1899}.Debug|Any CPU.Build.0 = Debug|Any CPU
		{615E3A66-5DDB-4691-88BA-6E10E71E1899}.Release|Any CPU.ActiveCfg = Release|Any CPU
		{615E3A66-5DDB-4691-88BA-6E10E71E1899}.Release|Any CPU.Build.0 = Release|Any CPU
		{2DEBEDB6-C604-4CC6-94CC-A6964E2781F4}.Debug|Any CPU.ActiveCfg = Debug|Any CPU
		{2DEBEDB6-C604-4CC6-94CC-A6964E2781F4}.Debug|Any CPU.Build.0 = Debug|Any CPU
		{2DEBEDB6-C604-4CC6-94CC-A6964E2781F4}.Release|Any CPU.ActiveCfg = Release|Any CPU
		{2DEBEDB6-C604-4CC6-94CC-A6964E2781F4}.Release|Any CPU.Build.0 = Release|Any CPU
		{7EBC52B4-982A-4CA1-AD88-CEEA4573E4EF}.Debug|Any CPU.ActiveCfg = Debug|Any CPU
		{7EBC52B4-982A-4CA1-AD88-CEEA4573E4EF}.Debug|Any CPU.Build.0 = Debug|Any CPU
		{7EBC52B4-982A-4CA1-AD88-CEEA4573E4EF}.Release|Any CPU.ActiveCfg = Release|Any CPU
		{7EBC52B4-982A-4CA1-AD88-CEEA4573E4EF}.Release|Any CPU.Build.0 = Release|Any CPU
		{55C32452-39B1-4FD0-92D2-1037909B0571}.Debug|Any CPU.ActiveCfg = Debug|Any CPU
		{55C32452-39B1-4FD0-92D2-1037909B0571}.Debug|Any CPU.Build.0 = Debug|Any CPU
		{55C32452-39B1-4FD0-92D2-1037909B0571}.Release|Any CPU.ActiveCfg = Release|Any CPU
		{55C32452-39B1-4FD0-92D2-1037909B0571}.Release|Any CPU.Build.0 = Release|Any CPU
		{813FAB91-CDF4-4F50-8C1A-B4987E84E45A}.Debug|Any CPU.ActiveCfg = Debug|Any CPU
		{813FAB91-CDF4-4F50-8C1A-B4987E84E45A}.Debug|Any CPU.Build.0 = Debug|Any CPU
		{813FAB91-CDF4-4F50-8C1A-B4987E84E45A}.Release|Any CPU.ActiveCfg = Release|Any CPU
		{813FAB91-CDF4-4F50-8C1A-B4987E84E45A}.Release|Any CPU.Build.0 = Release|Any CPU
		{385D0648-538D-4A90-A1EA-FEF44C9F9517}.Debug|Any CPU.ActiveCfg = Debug|Any CPU
		{385D0648-538D-4A90-A1EA-FEF44C9F9517}.Debug|Any CPU.Build.0 = Debug|Any CPU
		{385D0648-538D-4A90-A1EA-FEF44C9F9517}.Release|Any CPU.ActiveCfg = Release|Any CPU
		{385D0648-538D-4A90-A1EA-FEF44C9F9517}.Release|Any CPU.Build.0 = Release|Any CPU
	EndGlobalSection
	GlobalSection(SolutionProperties) = preSolution
		HideSolutionNode = FALSE
	EndGlobalSection
	GlobalSection(NestedProjects) = preSolution
		{B5D9570E-E9BF-482B-BD73-8EA6EC4330F8} = {CF520A36-B1B8-4CFA-9835-C3345A65D57B}
		{49903681-88CC-4B14-AD02-C475E78D4CE2} = {CF520A36-B1B8-4CFA-9835-C3345A65D57B}
		{4E3BCA48-A076-4ECE-A80A-F254DAE2D18E} = {78ECB0CA-72B0-4E08-BAB1-8BF2B98829D9}
		{6E52E54B-E074-4CEE-86D2-F0E3D429F4F6} = {C177CFCE-9FD8-4EFA-9046-B5ECC55401CE}
		{615E3A66-5DDB-4691-88BA-6E10E71E1899} = {C177CFCE-9FD8-4EFA-9046-B5ECC55401CE}
		{2DEBEDB6-C604-4CC6-94CC-A6964E2781F4} = {C177CFCE-9FD8-4EFA-9046-B5ECC55401CE}
		{7EBC52B4-982A-4CA1-AD88-CEEA4573E4EF} = {C177CFCE-9FD8-4EFA-9046-B5ECC55401CE}
		{55C32452-39B1-4FD0-92D2-1037909B0571} = {C177CFCE-9FD8-4EFA-9046-B5ECC55401CE}
		{813FAB91-CDF4-4F50-8C1A-B4987E84E45A} = {C177CFCE-9FD8-4EFA-9046-B5ECC55401CE}
		{385D0648-538D-4A90-A1EA-FEF44C9F9517} = {C177CFCE-9FD8-4EFA-9046-B5ECC55401CE}
		{9F695AEE-9518-4019-B1DE-9C3254FB0D2C} = {780173B6-AA4D-40B8-ADA6-D99531857B64}
	EndGlobalSection
	GlobalSection(ExtensibilityGlobals) = postSolution
		SolutionGuid = {185C72A8-896C-42E7-93F4-99FCD65E0961}
	EndGlobalSection
EndGlobal
