
Microsoft Visual Studio Solution File, Format Version 12.00
# Visual Studio Version 16
VisualStudioVersion = 16.0.30523.141
MinimumVisualStudioVersion = 10.0.40219.1
Project("{FAE04EC0-301F-11D3-BF4B-00C04F79EFBC}") = "Monogame.Aseprite.Demo", "Monogame.Aseprite.Demo\Monogame.Aseprite.Demo.csproj", "{AB1A4C50-7958-4ED8-A9C0-B8C7F0BD16BD}"
EndProject
Global
	GlobalSection(SolutionConfigurationPlatforms) = preSolution
		Debug|Any CPU = Debug|Any CPU
		Release|Any CPU = Release|Any CPU
	EndGlobalSection
	GlobalSection(ProjectConfigurationPlatforms) = postSolution
		{AB1A4C50-7958-4ED8-A9C0-B8C7F0BD16BD}.Debug|Any CPU.ActiveCfg = Debug|Any CPU
		{AB1A4C50-7958-4ED8-A9C0-B8C7F0BD16BD}.Debug|Any CPU.Build.0 = Debug|Any CPU
		{AB1A4C50-7958-4ED8-A9C0-B8C7F0BD16BD}.Release|Any CPU.ActiveCfg = Release|Any CPU
		{AB1A4C50-7958-4ED8-A9C0-B8C7F0BD16BD}.Release|Any CPU.Build.0 = Release|Any CPU
	EndGlobalSection
	GlobalSection(SolutionProperties) = preSolution
		HideSolutionNode = FALSE
	EndGlobalSection
	GlobalSection(ExtensibilityGlobals) = postSolution
		SolutionGuid = {8D6C92F3-2F1D-4148-ACFB-3F0C15CA4CC0}
	EndGlobalSection
EndGlobal
