
Microsoft Visual Studio Solution File, Format Version 12.00
# Visual Studio Version 17
VisualStudioVersion = 17.0.31903.59
MinimumVisualStudioVersion = 10.0.40219.1
Project("{FAE04EC0-301F-11D3-BF4B-00C04F79EFBC}") = "ArisDocs", "ArisDocs\ArisDocs.csproj", "{4333D271-C1F1-4A62-B13F-BCFAA5273DA7}"
EndProject
Project("{FAE04EC0-301F-11D3-BF4B-00C04F79EFBC}") = "ArisDocs.Console", "ArisDocs.Console\ArisDocs.Console.csproj", "{8E7DB359-14B0-4121-BC73-18AE1DDA9645}"
EndProject
Global
	GlobalSection(SolutionConfigurationPlatforms) = preSolution
		Debug|Any CPU = Debug|Any CPU
		Release|Any CPU = Release|Any CPU
	EndGlobalSection
	GlobalSection(SolutionProperties) = preSolution
		HideSolutionNode = FALSE
	EndGlobalSection
	GlobalSection(ProjectConfigurationPlatforms) = postSolution
		{4333D271-C1F1-4A62-B13F-BCFAA5273DA7}.Debug|Any CPU.ActiveCfg = Debug|Any CPU
		{4333D271-C1F1-4A62-B13F-BCFAA5273DA7}.Debug|Any CPU.Build.0 = Debug|Any CPU
		{4333D271-C1F1-4A62-B13F-BCFAA5273DA7}.Release|Any CPU.ActiveCfg = Release|Any CPU
		{4333D271-C1F1-4A62-B13F-BCFAA5273DA7}.Release|Any CPU.Build.0 = Release|Any CPU
		{8E7DB359-14B0-4121-BC73-18AE1DDA9645}.Debug|Any CPU.ActiveCfg = Debug|Any CPU
		{8E7DB359-14B0-4121-BC73-18AE1DDA9645}.Debug|Any CPU.Build.0 = Debug|Any CPU
		{8E7DB359-14B0-4121-BC73-18AE1DDA9645}.Release|Any CPU.ActiveCfg = Release|Any CPU
		{8E7DB359-14B0-4121-BC73-18AE1DDA9645}.Release|Any CPU.Build.0 = Release|Any CPU
	EndGlobalSection
EndGlobal
