
Microsoft Visual Studio Solution File, Format Version 12.00
# Visual Studio Version 16
VisualStudioVersion = 16.0.30523.141
MinimumVisualStudioVersion = 10.0.40219.1
Project("{FAE04EC0-301F-11D3-BF4B-00C04F79EFBC}") = "MonoGame.Aseprite.Demo", "MonoGame.Aseprite.Demo\MonoGame.Aseprite.Demo.csproj", "{053CF0AF-DE86-4546-B824-678E1B1B6BCF}"
EndProject
Global
	GlobalSection(SolutionConfigurationPlatforms) = preSolution
		Debug|Any CPU = Debug|Any CPU
		Release|Any CPU = Release|Any CPU
	EndGlobalSection
	GlobalSection(ProjectConfigurationPlatforms) = postSolution
		{053CF0AF-DE86-4546-B824-678E1B1B6BCF}.Debug|Any CPU.ActiveCfg = Debug|Any CPU
		{053CF0AF-DE86-4546-B824-678E1B1B6BCF}.Debug|Any CPU.Build.0 = Debug|Any CPU
		{053CF0AF-DE86-4546-B824-678E1B1B6BCF}.Release|Any CPU.ActiveCfg = Release|Any CPU
		{053CF0AF-DE86-4546-B824-678E1B1B6BCF}.Release|Any CPU.Build.0 = Release|Any CPU
	EndGlobalSection
	GlobalSection(SolutionProperties) = preSolution
		HideSolutionNode = FALSE
	EndGlobalSection
	GlobalSection(ExtensibilityGlobals) = postSolution
		SolutionGuid = {A0A06042-1020-4BEE-9F8F-549FBCBA83C0}
	EndGlobalSection
EndGlobal
