
Microsoft Visual Studio Solution File, Format Version 12.00
# Visual Studio 15
VisualStudioVersion = 15.0.28010.2026
MinimumVisualStudioVersion = 10.0.40219.1
Project("{FAE04EC0-301F-11D3-BF4B-00C04F79EFBC}") = "MonoGame.Aseprite.Demo", "MonoGame.Aseprite.Demo\MonoGame.Aseprite.Demo.csproj", "{E913F2A2-68AE-4DEE-80FD-9C0DCD5F2B03}"
EndProject
Global
	GlobalSection(SolutionConfigurationPlatforms) = preSolution
		Debug|Any CPU = Debug|Any CPU
		Release|Any CPU = Release|Any CPU
	EndGlobalSection
	GlobalSection(ProjectConfigurationPlatforms) = postSolution
		{E913F2A2-68AE-4DEE-80FD-9C0DCD5F2B03}.Debug|Any CPU.ActiveCfg = Debug|Any CPU
		{E913F2A2-68AE-4DEE-80FD-9C0DCD5F2B03}.Debug|Any CPU.Build.0 = Debug|Any CPU
		{E913F2A2-68AE-4DEE-80FD-9C0DCD5F2B03}.Release|Any CPU.ActiveCfg = Release|Any CPU
		{E913F2A2-68AE-4DEE-80FD-9C0DCD5F2B03}.Release|Any CPU.Build.0 = Release|Any CPU
	EndGlobalSection
	GlobalSection(SolutionProperties) = preSolution
		HideSolutionNode = FALSE
	EndGlobalSection
	GlobalSection(ExtensibilityGlobals) = postSolution
		SolutionGuid = {20BF91DD-8F9F-459C-BBAF-64E3EF5B5F45}
	EndGlobalSection
EndGlobal
