
Microsoft Visual Studio Solution File, Format Version 12.00
# Visual Studio Version 16
VisualStudioVersion = 16.0.30523.141
MinimumVisualStudioVersion = 10.0.40219.1
Project("{9A19103F-16F7-4668-BE54-9A1E7A4F7556}") = "MonoGame.Aseprite.ContentPipeline", "MonoGame.Aseprite.ContentPipeline\MonoGame.Aseprite.ContentPipeline.csproj", "{2788B09F-C3A6-4D95-B693-4E4D570AFCA0}"
EndProject
Project("{9A19103F-16F7-4668-BE54-9A1E7A4F7556}") = "MonoGame.Aseprite", "MonoGame.Aseprite\MonoGame.Aseprite.csproj", "{48D77A72-42A0-4AB4-8EF6-C4ACDE9DFBBE}"
EndProject
Project("{9A19103F-16F7-4668-BE54-9A1E7A4F7556}") = "MonoGame.Aseprite.Demo", "..\demo\MonoGame.Aseprite.Demo\MonoGame.Aseprite.Demo.csproj", "{0D96D133-5BDD-47ED-B36C-BB40B4610471}"
EndProject
Project("{FAE04EC0-301F-11D3-BF4B-00C04F79EFBC}") = "MonoGame.Aseprite.AnimationTest", "MonoGame.Aseprite.AnimationTest\MonoGame.Aseprite.AnimationTest.csproj", "{F2A7BD85-E6F0-4CBE-B888-C920D3624745}"
EndProject
Global
	GlobalSection(SolutionConfigurationPlatforms) = preSolution
		Debug|Any CPU = Debug|Any CPU
		Debug|x86 = Debug|x86
		Release|Any CPU = Release|Any CPU
		Release|x86 = Release|x86
	EndGlobalSection
	GlobalSection(ProjectConfigurationPlatforms) = postSolution
		{2788B09F-C3A6-4D95-B693-4E4D570AFCA0}.Debug|Any CPU.ActiveCfg = Debug|Any CPU
		{2788B09F-C3A6-4D95-B693-4E4D570AFCA0}.Debug|Any CPU.Build.0 = Debug|Any CPU
		{2788B09F-C3A6-4D95-B693-4E4D570AFCA0}.Debug|x86.ActiveCfg = Debug|x86
		{2788B09F-C3A6-4D95-B693-4E4D570AFCA0}.Debug|x86.Build.0 = Debug|x86
		{2788B09F-C3A6-4D95-B693-4E4D570AFCA0}.Release|Any CPU.ActiveCfg = Release|Any CPU
		{2788B09F-C3A6-4D95-B693-4E4D570AFCA0}.Release|Any CPU.Build.0 = Release|Any CPU
		{2788B09F-C3A6-4D95-B693-4E4D570AFCA0}.Release|x86.ActiveCfg = Release|x86
		{2788B09F-C3A6-4D95-B693-4E4D570AFCA0}.Release|x86.Build.0 = Release|x86
		{48D77A72-42A0-4AB4-8EF6-C4ACDE9DFBBE}.Debug|Any CPU.ActiveCfg = Debug|Any CPU
		{48D77A72-42A0-4AB4-8EF6-C4ACDE9DFBBE}.Debug|Any CPU.Build.0 = Debug|Any CPU
		{48D77A72-42A0-4AB4-8EF6-C4ACDE9DFBBE}.Debug|x86.ActiveCfg = Debug|x86
		{48D77A72-42A0-4AB4-8EF6-C4ACDE9DFBBE}.Debug|x86.Build.0 = Debug|x86
		{48D77A72-42A0-4AB4-8EF6-C4ACDE9DFBBE}.Release|Any CPU.ActiveCfg = Release|Any CPU
		{48D77A72-42A0-4AB4-8EF6-C4ACDE9DFBBE}.Release|Any CPU.Build.0 = Release|Any CPU
		{48D77A72-42A0-4AB4-8EF6-C4ACDE9DFBBE}.Release|x86.ActiveCfg = Release|x86
		{48D77A72-42A0-4AB4-8EF6-C4ACDE9DFBBE}.Release|x86.Build.0 = Release|x86
		{0D96D133-5BDD-47ED-B36C-BB40B4610471}.Debug|Any CPU.ActiveCfg = Debug|Any CPU
		{0D96D133-5BDD-47ED-B36C-BB40B4610471}.Debug|Any CPU.Build.0 = Debug|Any CPU
		{0D96D133-5BDD-47ED-B36C-BB40B4610471}.Debug|x86.ActiveCfg = Debug|x86
		{0D96D133-5BDD-47ED-B36C-BB40B4610471}.Debug|x86.Build.0 = Debug|x86
		{0D96D133-5BDD-47ED-B36C-BB40B4610471}.Release|Any CPU.ActiveCfg = Release|Any CPU
		{0D96D133-5BDD-47ED-B36C-BB40B4610471}.Release|Any CPU.Build.0 = Release|Any CPU
		{0D96D133-5BDD-47ED-B36C-BB40B4610471}.Release|x86.ActiveCfg = Release|x86
		{0D96D133-5BDD-47ED-B36C-BB40B4610471}.Release|x86.Build.0 = Release|x86
		{F2A7BD85-E6F0-4CBE-B888-C920D3624745}.Debug|Any CPU.ActiveCfg = Debug|Any CPU
		{F2A7BD85-E6F0-4CBE-B888-C920D3624745}.Debug|Any CPU.Build.0 = Debug|Any CPU
		{F2A7BD85-E6F0-4CBE-B888-C920D3624745}.Debug|x86.ActiveCfg = Debug|x86
		{F2A7BD85-E6F0-4CBE-B888-C920D3624745}.Debug|x86.Build.0 = Debug|x86
		{F2A7BD85-E6F0-4CBE-B888-C920D3624745}.Release|Any CPU.ActiveCfg = Release|Any CPU
		{F2A7BD85-E6F0-4CBE-B888-C920D3624745}.Release|Any CPU.Build.0 = Release|Any CPU
		{F2A7BD85-E6F0-4CBE-B888-C920D3624745}.Release|x86.ActiveCfg = Release|x86
		{F2A7BD85-E6F0-4CBE-B888-C920D3624745}.Release|x86.Build.0 = Release|x86
	EndGlobalSection
	GlobalSection(SolutionProperties) = preSolution
		HideSolutionNode = FALSE
	EndGlobalSection
	GlobalSection(ExtensibilityGlobals) = postSolution
		SolutionGuid = {C0EFFEAC-88AE-404E-AAA0-A79A902341CF}
	EndGlobalSection
EndGlobal
